
Microsoft Visual Studio Solution File, Format Version 12.00
# Visual Studio Version 17
VisualStudioVersion = 17.10.35122.118
MinimumVisualStudioVersion = 10.0.40219.1
Project("{FAE04EC0-301F-11D3-BF4B-00C04F79EFBC}") = "PruebaCrudMVC", "PruebaCrudMVC.csproj", "{3A5E63A6-D63F-42FD-894E-78E13447B234}"
EndProject
Global
	GlobalSection(SolutionConfigurationPlatforms) = preSolution
		Debug|Any CPU = Debug|Any CPU
		Release|Any CPU = Release|Any CPU
	EndGlobalSection
	GlobalSection(ProjectConfigurationPlatforms) = postSolution
		{3A5E63A6-D63F-42FD-894E-78E13447B234}.Debug|Any CPU.ActiveCfg = Debug|Any CPU
		{3A5E63A6-D63F-42FD-894E-78E13447B234}.Debug|Any CPU.Build.0 = Debug|Any CPU
		{3A5E63A6-D63F-42FD-894E-78E13447B234}.Release|Any CPU.ActiveCfg = Release|Any CPU
		{3A5E63A6-D63F-42FD-894E-78E13447B234}.Release|Any CPU.Build.0 = Release|Any CPU
	EndGlobalSection
	GlobalSection(SolutionProperties) = preSolution
		HideSolutionNode = FALSE
	EndGlobalSection
	GlobalSection(ExtensibilityGlobals) = postSolution
		SolutionGuid = {0425ED07-B837-468A-9B13-CFD59CAE6598}
	EndGlobalSection
EndGlobal
